
Microsoft Visual Studio Solution File, Format Version 12.00
# Visual Studio Version 17
VisualStudioVersion = 17.14.36908.2 d17.14
MinimumVisualStudioVersion = 10.0.40219.1
Project("{FAE04EC0-301F-11D3-BF4B-00C04F79EFBC}") = "Controllo_Qualita_Acqua_Form", "Controllo_Qualita_Acqua_Form\Controllo_Qualita_Acqua_Form.csproj", "{0B34E83B-5E87-4846-AC25-7C20A2C36C15}"
EndProject
Global
	GlobalSection(SolutionConfigurationPlatforms) = preSolution
		Debug|Any CPU = Debug|Any CPU
		Release|Any CPU = Release|Any CPU
	EndGlobalSection
	GlobalSection(ProjectConfigurationPlatforms) = postSolution
		{0B34E83B-5E87-4846-AC25-7C20A2C36C15}.Debug|Any CPU.ActiveCfg = Debug|Any CPU
		{0B34E83B-5E87-4846-AC25-7C20A2C36C15}.Debug|Any CPU.Build.0 = Debug|Any CPU
		{0B34E83B-5E87-4846-AC25-7C20A2C36C15}.Release|Any CPU.ActiveCfg = Release|Any CPU
		{0B34E83B-5E87-4846-AC25-7C20A2C36C15}.Release|Any CPU.Build.0 = Release|Any CPU
	EndGlobalSection
	GlobalSection(SolutionProperties) = preSolution
		HideSolutionNode = FALSE
	EndGlobalSection
	GlobalSection(ExtensibilityGlobals) = postSolution
		SolutionGuid = {50CBC4A8-19B6-4FCC-9995-E5F96F92375D}
	EndGlobalSection
EndGlobal
